
Microsoft Visual Studio Solution File, Format Version 12.00
# Visual Studio Version 16
VisualStudioVersion = 25.0.1705.0
MinimumVisualStudioVersion = 10.0.40219.1
Project("{FAE04EC0-301F-11D3-BF4B-00C04F79EFBC}") = "YazilimMimari", "YazilimMimari\YazilimMimari.csproj", "{47213364-AD52-4EF0-80CB-38FE7D76239F}"
EndProject
Global
	GlobalSection(SolutionConfigurationPlatforms) = preSolution
		Debug|Any CPU = Debug|Any CPU
		Release|Any CPU = Release|Any CPU
	EndGlobalSection
	GlobalSection(ProjectConfigurationPlatforms) = postSolution
		{47213364-AD52-4EF0-80CB-38FE7D76239F}.Debug|Any CPU.ActiveCfg = Debug|Any CPU
		{47213364-AD52-4EF0-80CB-38FE7D76239F}.Debug|Any CPU.Build.0 = Debug|Any CPU
		{47213364-AD52-4EF0-80CB-38FE7D76239F}.Release|Any CPU.ActiveCfg = Release|Any CPU
		{47213364-AD52-4EF0-80CB-38FE7D76239F}.Release|Any CPU.Build.0 = Release|Any CPU
	EndGlobalSection
	GlobalSection(SolutionProperties) = preSolution
		HideSolutionNode = FALSE
	EndGlobalSection
	GlobalSection(ExtensibilityGlobals) = postSolution
		SolutionGuid = {03EB4532-3B41-46D8-B452-9F0A2D4804A7}
	EndGlobalSection
EndGlobal
